{
  "originHash" : "c37ae0f7f3518db2d2851f1d654d53a0ab68ac4d501b348e23b297e327290a1c",
  "pins" : [
    {
      "identity" : "pythonkit",
      "kind" : "remoteSourceControl",
      "location" : "https://github.com/pvieito/PythonKit.git",
      "state" : {
        "branch" : "master",
        "revision" : "d5ba1b3b4834e8c47e0cdf0989f458bc59ab0b45"
      }
    }
  ],
  "version" : 3
}
